
Microsoft Visual Studio Solution File, Format Version 12.00
Project("{FAE04EC0-301F-11D3-BF4B-00C04F79EFBC}") = "CLI", "CLI\CLI.csproj", "{6AC03E78-4865-4171-9105-5E9BF4E2C96C}"
EndProject
Global
	GlobalSection(SolutionConfigurationPlatforms) = preSolution
		Debug|Any CPU = Debug|Any CPU
		Release|Any CPU = Release|Any CPU
	EndGlobalSection
	GlobalSection(ProjectConfigurationPlatforms) = postSolution
		{6AC03E78-4865-4171-9105-5E9BF4E2C96C}.Debug|Any CPU.ActiveCfg = Debug|Any CPU
		{6AC03E78-4865-4171-9105-5E9BF4E2C96C}.Debug|Any CPU.Build.0 = Debug|Any CPU
		{6AC03E78-4865-4171-9105-5E9BF4E2C96C}.Release|Any CPU.ActiveCfg = Release|Any CPU
		{6AC03E78-4865-4171-9105-5E9BF4E2C96C}.Release|Any CPU.Build.0 = Release|Any CPU
	EndGlobalSection
EndGlobal
